{
  "pins" : [
    {
      "identity" : "sqlite.swift",
      "kind" : "remoteSourceControl",
      "location" : "https://github.com/stephencelis/SQLite.swift.git",
      "state" : {
        "revision" : "7a2e3cd27de56f6d396e84f63beefd0267b55ccb",
        "version" : "0.14.1"
      }
    },
    {
      "identity" : "swift-syntax",
      "kind" : "remoteSourceControl",
      "location" : "https://github.com/apple/swift-syntax.git",
      "state" : {
        "revision" : "e42bece52df2496d60b1b2a762fee9ffde7fc205",
        "version" : "509.0.0-swift-DEVELOPMENT-SNAPSHOT-2023-08-07-a"
      }
    }
  ],
  "version" : 2
}
